
Microsoft Visual Studio Solution File, Format Version 12.00
# Visual Studio 15
VisualStudioVersion = 15.0.28010.2048
MinimumVisualStudioVersion = 10.0.40219.1
Project("{FAE04EC0-301F-11D3-BF4B-00C04F79EFBC}") = "L22E04", "L22E04\L22E04.csproj", "{B16EC305-8D45-41A1-A309-A7DBF3F3BEAA}"
EndProject
Global
	GlobalSection(SolutionConfigurationPlatforms) = preSolution
		Debug|Any CPU = Debug|Any CPU
		Release|Any CPU = Release|Any CPU
	EndGlobalSection
	GlobalSection(ProjectConfigurationPlatforms) = postSolution
		{B16EC305-8D45-41A1-A309-A7DBF3F3BEAA}.Debug|Any CPU.ActiveCfg = Debug|Any CPU
		{B16EC305-8D45-41A1-A309-A7DBF3F3BEAA}.Debug|Any CPU.Build.0 = Debug|Any CPU
		{B16EC305-8D45-41A1-A309-A7DBF3F3BEAA}.Release|Any CPU.ActiveCfg = Release|Any CPU
		{B16EC305-8D45-41A1-A309-A7DBF3F3BEAA}.Release|Any CPU.Build.0 = Release|Any CPU
	EndGlobalSection
	GlobalSection(SolutionProperties) = preSolution
		HideSolutionNode = FALSE
	EndGlobalSection
	GlobalSection(ExtensibilityGlobals) = postSolution
		SolutionGuid = {9AB48BF4-2E37-4665-830A-C9DCC73CFB4D}
	EndGlobalSection
EndGlobal
